
Microsoft Visual Studio Solution File, Format Version 12.00
# Visual Studio 2015
Project("{FAE04EC0-301F-11D3-BF4B-00C04F79EFBC}") = "UnityVS.TwitterDemo.CSharp.Plugins", "UnityVS.TwitterDemo.CSharp.Plugins.csproj", "{12E85BA5-1DD3-0AD2-02FB-1434CADB662C}"
EndProject
Project("{FAE04EC0-301F-11D3-BF4B-00C04F79EFBC}") = "UnityVS.TwitterDemo.CSharp", "UnityVS.TwitterDemo.CSharp.csproj", "{BA4840F7-2686-22A2-A8E2-3EE17821EA5C}"
EndProject
Global
	GlobalSection(SolutionConfigurationPlatforms) = preSolution
		Debug|Any CPU = Debug|Any CPU
		Release|Any CPU = Release|Any CPU
	EndGlobalSection
	GlobalSection(ProjectConfigurationPlatforms) = postSolution
		{12E85BA5-1DD3-0AD2-02FB-1434CADB662C}.Debug|Any CPU.ActiveCfg = Debug|Any CPU
		{12E85BA5-1DD3-0AD2-02FB-1434CADB662C}.Debug|Any CPU.Build.0 = Debug|Any CPU
		{12E85BA5-1DD3-0AD2-02FB-1434CADB662C}.Release|Any CPU.ActiveCfg = Release|Any CPU
		{12E85BA5-1DD3-0AD2-02FB-1434CADB662C}.Release|Any CPU.Build.0 = Release|Any CPU
		{BA4840F7-2686-22A2-A8E2-3EE17821EA5C}.Debug|Any CPU.ActiveCfg = Debug|Any CPU
		{BA4840F7-2686-22A2-A8E2-3EE17821EA5C}.Debug|Any CPU.Build.0 = Debug|Any CPU
		{BA4840F7-2686-22A2-A8E2-3EE17821EA5C}.Release|Any CPU.ActiveCfg = Release|Any CPU
		{BA4840F7-2686-22A2-A8E2-3EE17821EA5C}.Release|Any CPU.Build.0 = Release|Any CPU
	EndGlobalSection
	GlobalSection(SolutionProperties) = preSolution
		HideSolutionNode = FALSE
	EndGlobalSection
EndGlobal
